
Microsoft Visual Studio Solution File, Format Version 12.00
# Visual Studio Version 17
VisualStudioVersion = 17.0.32112.339
MinimumVisualStudioVersion = 10.0.40219.1
Project("{2150E333-8FDC-42A3-9474-1A3956D46DE8}") = "Application", "Application", "{DC835460-E9F2-4D9F-B94B-976169CC073B}"
EndProject
Project("{2150E333-8FDC-42A3-9474-1A3956D46DE8}") = "Domain", "Domain", "{83833BAA-9F1F-4EF7-A32C-E82291DC6555}"
EndProject
Project("{2150E333-8FDC-42A3-9474-1A3956D46DE8}") = "Infra.Data", "Infra.Data", "{E1A47EF8-42D9-4DC2-9681-45C6E7711B85}"
EndProject
Project("{2150E333-8FDC-42A3-9474-1A3956D46DE8}") = "Infra.IoC", "Infra.IoC", "{C3FDB1DA-DE69-4B2E-BB06-942BEF6C65BF}"
EndProject
Project("{2150E333-8FDC-42A3-9474-1A3956D46DE8}") = "Presentation", "Presentation", "{6722FD9A-7283-403F-9A6E-196F7467021F}"
EndProject
Project("{9A19103F-16F7-4668-BE54-9A1E7A4F7556}") = "CleanArch.Mvc", "CleanArch.Mvc\CleanArch.Mvc.csproj", "{D63B3515-3F02-49F3-BCEE-02B27C087C66}"
EndProject
Project("{9A19103F-16F7-4668-BE54-9A1E7A4F7556}") = "CleanArch.Domain", "CleanArch.Domain\CleanArch.Domain.csproj", "{773C325D-1442-45FF-AB98-3668457AEABE}"
EndProject
Project("{9A19103F-16F7-4668-BE54-9A1E7A4F7556}") = "CleanArch.InfraData", "CleanArch.InfraData\CleanArch.InfraData.csproj", "{ECC6207F-2DF3-4EF7-8786-E240B80A6181}"
EndProject
Project("{FAE04EC0-301F-11D3-BF4B-00C04F79EFBC}") = "CleanArch.Application", "CleanArch.Application\CleanArch.Application.csproj", "{59A4A55F-79A2-434D-B607-A9DB1CEB5FB3}"
EndProject
Project("{FAE04EC0-301F-11D3-BF4B-00C04F79EFBC}") = "CleanArch.InfraIOC", "CleanArch.InfraIOC\CleanArch.InfraIOC.csproj", "{BB9E3E79-51CF-44C5-984B-6CE6A4713940}"
EndProject
Global
	GlobalSection(SolutionConfigurationPlatforms) = preSolution
		Debug|Any CPU = Debug|Any CPU
		Release|Any CPU = Release|Any CPU
	EndGlobalSection
	GlobalSection(ProjectConfigurationPlatforms) = postSolution
		{D63B3515-3F02-49F3-BCEE-02B27C087C66}.Debug|Any CPU.ActiveCfg = Debug|Any CPU
		{D63B3515-3F02-49F3-BCEE-02B27C087C66}.Debug|Any CPU.Build.0 = Debug|Any CPU
		{D63B3515-3F02-49F3-BCEE-02B27C087C66}.Release|Any CPU.ActiveCfg = Release|Any CPU
		{D63B3515-3F02-49F3-BCEE-02B27C087C66}.Release|Any CPU.Build.0 = Release|Any CPU
		{773C325D-1442-45FF-AB98-3668457AEABE}.Debug|Any CPU.ActiveCfg = Debug|Any CPU
		{773C325D-1442-45FF-AB98-3668457AEABE}.Debug|Any CPU.Build.0 = Debug|Any CPU
		{773C325D-1442-45FF-AB98-3668457AEABE}.Release|Any CPU.ActiveCfg = Release|Any CPU
		{773C325D-1442-45FF-AB98-3668457AEABE}.Release|Any CPU.Build.0 = Release|Any CPU
		{ECC6207F-2DF3-4EF7-8786-E240B80A6181}.Debug|Any CPU.ActiveCfg = Debug|Any CPU
		{ECC6207F-2DF3-4EF7-8786-E240B80A6181}.Debug|Any CPU.Build.0 = Debug|Any CPU
		{ECC6207F-2DF3-4EF7-8786-E240B80A6181}.Release|Any CPU.ActiveCfg = Release|Any CPU
		{ECC6207F-2DF3-4EF7-8786-E240B80A6181}.Release|Any CPU.Build.0 = Release|Any CPU
		{59A4A55F-79A2-434D-B607-A9DB1CEB5FB3}.Debug|Any CPU.ActiveCfg = Debug|Any CPU
		{59A4A55F-79A2-434D-B607-A9DB1CEB5FB3}.Debug|Any CPU.Build.0 = Debug|Any CPU
		{59A4A55F-79A2-434D-B607-A9DB1CEB5FB3}.Release|Any CPU.ActiveCfg = Release|Any CPU
		{59A4A55F-79A2-434D-B607-A9DB1CEB5FB3}.Release|Any CPU.Build.0 = Release|Any CPU
		{BB9E3E79-51CF-44C5-984B-6CE6A4713940}.Debug|Any CPU.ActiveCfg = Debug|Any CPU
		{BB9E3E79-51CF-44C5-984B-6CE6A4713940}.Debug|Any CPU.Build.0 = Debug|Any CPU
		{BB9E3E79-51CF-44C5-984B-6CE6A4713940}.Release|Any CPU.ActiveCfg = Release|Any CPU
		{BB9E3E79-51CF-44C5-984B-6CE6A4713940}.Release|Any CPU.Build.0 = Release|Any CPU
	EndGlobalSection
	GlobalSection(SolutionProperties) = preSolution
		HideSolutionNode = FALSE
	EndGlobalSection
	GlobalSection(NestedProjects) = preSolution
		{D63B3515-3F02-49F3-BCEE-02B27C087C66} = {6722FD9A-7283-403F-9A6E-196F7467021F}
		{773C325D-1442-45FF-AB98-3668457AEABE} = {83833BAA-9F1F-4EF7-A32C-E82291DC6555}
		{ECC6207F-2DF3-4EF7-8786-E240B80A6181} = {E1A47EF8-42D9-4DC2-9681-45C6E7711B85}
		{59A4A55F-79A2-434D-B607-A9DB1CEB5FB3} = {DC835460-E9F2-4D9F-B94B-976169CC073B}
		{BB9E3E79-51CF-44C5-984B-6CE6A4713940} = {C3FDB1DA-DE69-4B2E-BB06-942BEF6C65BF}
	EndGlobalSection
	GlobalSection(ExtensibilityGlobals) = postSolution
		SolutionGuid = {14AD5EB9-7BBA-4692-86DA-D0F9C67E5EA1}
	EndGlobalSection
EndGlobal
